
Microsoft Visual Studio Solution File, Format Version 12.00
# Visual Studio Version 17
VisualStudioVersion = 17.7.34024.191
MinimumVisualStudioVersion = 10.0.40219.1
Project("{FAE04EC0-301F-11D3-BF4B-00C04F79EFBC}") = "NumbersGame", "NumbersGame.csproj", "{03D29B52-43F1-4F6E-BA3E-4082B39E3D82}"
EndProject
Global
	GlobalSection(SolutionConfigurationPlatforms) = preSolution
		Debug|Any CPU = Debug|Any CPU
		Release|Any CPU = Release|Any CPU
	EndGlobalSection
	GlobalSection(ProjectConfigurationPlatforms) = postSolution
		{03D29B52-43F1-4F6E-BA3E-4082B39E3D82}.Debug|Any CPU.ActiveCfg = Debug|Any CPU
		{03D29B52-43F1-4F6E-BA3E-4082B39E3D82}.Debug|Any CPU.Build.0 = Debug|Any CPU
		{03D29B52-43F1-4F6E-BA3E-4082B39E3D82}.Release|Any CPU.ActiveCfg = Release|Any CPU
		{03D29B52-43F1-4F6E-BA3E-4082B39E3D82}.Release|Any CPU.Build.0 = Release|Any CPU
	EndGlobalSection
	GlobalSection(SolutionProperties) = preSolution
		HideSolutionNode = FALSE
	EndGlobalSection
	GlobalSection(ExtensibilityGlobals) = postSolution
		SolutionGuid = {0D9EC668-A59C-4B7E-A3ED-F46CDB827DD8}
	EndGlobalSection
EndGlobal
